
Microsoft Visual Studio Solution File, Format Version 12.00
# Visual Studio 2013
VisualStudioVersion = 12.0.21005.1
MinimumVisualStudioVersion = 10.0.40219.1
Project("{FAE04EC0-301F-11D3-BF4B-00C04F79EFBC}") = "AngularApp", "AngularApp\AngularApp.csproj", "{F6B535AE-BE26-4246-A8CC-79FE1A1DA472}"
EndProject
Project("{FAE04EC0-301F-11D3-BF4B-00C04F79EFBC}") = "KnockoutApp", "KnockoutApp\KnockoutApp.csproj", "{310FA510-5B10-4459-9C4A-7890DAD688BF}"
EndProject
Global
	GlobalSection(SolutionConfigurationPlatforms) = preSolution
		Debug|Any CPU = Debug|Any CPU
		Release|Any CPU = Release|Any CPU
	EndGlobalSection
	GlobalSection(ProjectConfigurationPlatforms) = postSolution
		{F6B535AE-BE26-4246-A8CC-79FE1A1DA472}.Debug|Any CPU.ActiveCfg = Debug|Any CPU
		{F6B535AE-BE26-4246-A8CC-79FE1A1DA472}.Debug|Any CPU.Build.0 = Debug|Any CPU
		{F6B535AE-BE26-4246-A8CC-79FE1A1DA472}.Release|Any CPU.ActiveCfg = Release|Any CPU
		{F6B535AE-BE26-4246-A8CC-79FE1A1DA472}.Release|Any CPU.Build.0 = Release|Any CPU
		{310FA510-5B10-4459-9C4A-7890DAD688BF}.Debug|Any CPU.ActiveCfg = Debug|Any CPU
		{310FA510-5B10-4459-9C4A-7890DAD688BF}.Debug|Any CPU.Build.0 = Debug|Any CPU
		{310FA510-5B10-4459-9C4A-7890DAD688BF}.Release|Any CPU.ActiveCfg = Release|Any CPU
		{310FA510-5B10-4459-9C4A-7890DAD688BF}.Release|Any CPU.Build.0 = Release|Any CPU
	EndGlobalSection
	GlobalSection(SolutionProperties) = preSolution
		HideSolutionNode = FALSE
	EndGlobalSection
EndGlobal
